
Microsoft Visual Studio Solution File, Format Version 12.00
# Visual Studio Version 17
VisualStudioVersion = 17.1.32414.318
MinimumVisualStudioVersion = 10.0.40219.1
Project("{FAE04EC0-301F-11D3-BF4B-00C04F79EFBC}") = "Pro6", "Pro6\Pro6.csproj", "{802D5305-5F4D-469A-8ED1-D1EC30CCB425}"
EndProject
Global
	GlobalSection(SolutionConfigurationPlatforms) = preSolution
		Debug|Any CPU = Debug|Any CPU
		Release|Any CPU = Release|Any CPU
	EndGlobalSection
	GlobalSection(ProjectConfigurationPlatforms) = postSolution
		{802D5305-5F4D-469A-8ED1-D1EC30CCB425}.Debug|Any CPU.ActiveCfg = Debug|Any CPU
		{802D5305-5F4D-469A-8ED1-D1EC30CCB425}.Debug|Any CPU.Build.0 = Debug|Any CPU
		{802D5305-5F4D-469A-8ED1-D1EC30CCB425}.Release|Any CPU.ActiveCfg = Release|Any CPU
		{802D5305-5F4D-469A-8ED1-D1EC30CCB425}.Release|Any CPU.Build.0 = Release|Any CPU
	EndGlobalSection
	GlobalSection(SolutionProperties) = preSolution
		HideSolutionNode = FALSE
	EndGlobalSection
	GlobalSection(ExtensibilityGlobals) = postSolution
		SolutionGuid = {FB9C9485-2B40-41C0-8089-FC3FB9B9A07F}
	EndGlobalSection
EndGlobal
